// !$*UTF8*$!
{
	archiveVersion = 1;
	classes = {
	};
	objectVersion = 56;
	objects = {

/* Begin PBXBuildFile section */
		660046482B4C533C00F70EC3 /* Date + dateToTime.swift in Sources */ = {isa = PBXBuildFile; fileRef = 660046472B4C533C00F70EC3 /* Date + dateToTime.swift */; };
		6609F3222B1F589C0033C063 /* AnniversaryAddView.swift in Sources */ = {isa = PBXBuildFile; fileRef = 6609F3212B1F589C0033C063 /* AnniversaryAddView.swift */; };
		660B75832B14797E00161AF0 /* Date + convert.swift in Sources */ = {isa = PBXBuildFile; fileRef = 660B75822B14797E00161AF0 /* Date + convert.swift */; };
		66231F0A2B36CC570032B209 /* NotiAddView.swift in Sources */ = {isa = PBXBuildFile; fileRef = 66231F092B36CC570032B209 /* NotiAddView.swift */; };
		66231F0C2B36CD750032B209 /* NotiAddViewModel.swift in Sources */ = {isa = PBXBuildFile; fileRef = 66231F0B2B36CD750032B209 /* NotiAddViewModel.swift */; };
		66231F0E2B39C9570032B209 /* InputTextFieldView.swift in Sources */ = {isa = PBXBuildFile; fileRef = 66231F0D2B39C9570032B209 /* InputTextFieldView.swift */; };
		66231F102B39E5930032B209 /* DatePicker_Graphical2.swift in Sources */ = {isa = PBXBuildFile; fileRef = 66231F0F2B39E5930032B209 /* DatePicker_Graphical2.swift */; };
		6628799F2B43E7590093DD13 /* NotiViewModel.swift in Sources */ = {isa = PBXBuildFile; fileRef = 6628799E2B43E7590093DD13 /* NotiViewModel.swift */; };
		662879A12B43EEDD0093DD13 /* NotiListView.swift in Sources */ = {isa = PBXBuildFile; fileRef = 662879A02B43EEDD0093DD13 /* NotiListView.swift */; };
		662879A32B43EEEA0093DD13 /* NoDataView.swift in Sources */ = {isa = PBXBuildFile; fileRef = 662879A22B43EEEA0093DD13 /* NoDataView.swift */; };
		662BBBD82B230ADE000A0F53 /* DatePicker_Graphical.swift in Sources */ = {isa = PBXBuildFile; fileRef = 662BBBD72B230ADE000A0F53 /* DatePicker_Graphical.swift */; };
		662CC8342B035A4000059D90 /* OnboardingTabView.swift in Sources */ = {isa = PBXBuildFile; fileRef = 662CC8332B035A3F00059D90 /* OnboardingTabView.swift */; };
		662CC8362B035B5B00059D90 /* MainView.swift in Sources */ = {isa = PBXBuildFile; fileRef = 662CC8352B035B5B00059D90 /* MainView.swift */; };
		662CC8392B03632B00059D90 /* OnboardingFirstView.swift in Sources */ = {isa = PBXBuildFile; fileRef = 662CC8382B03632B00059D90 /* OnboardingFirstView.swift */; };
		662CC83B2B03634200059D90 /* OnboardingSecondView.swift in Sources */ = {isa = PBXBuildFile; fileRef = 662CC83A2B03634200059D90 /* OnboardingSecondView.swift */; };
		662CC83D2B03635200059D90 /* OnboardingThirdView.swift in Sources */ = {isa = PBXBuildFile; fileRef = 662CC83C2B03635200059D90 /* OnboardingThirdView.swift */; };
		662CC83F2B03BE5100059D90 /* PetInfoView.swift in Sources */ = {isa = PBXBuildFile; fileRef = 662CC83E2B03BE5100059D90 /* PetInfoView.swift */; };
		662CC8412B049F0C00059D90 /* HomeView.swift in Sources */ = {isa = PBXBuildFile; fileRef = 662CC8402B049F0C00059D90 /* HomeView.swift */; };
		662CC8432B049F2900059D90 /* NotiView.swift in Sources */ = {isa = PBXBuildFile; fileRef = 662CC8422B049F2900059D90 /* NotiView.swift */; };
		662CC8452B049F3A00059D90 /* MyPageView.swift in Sources */ = {isa = PBXBuildFile; fileRef = 662CC8442B049F3A00059D90 /* MyPageView.swift */; };
		6633C5A62B05FDDB0018DEB0 /* PetInfoViewModel.swift in Sources */ = {isa = PBXBuildFile; fileRef = 6633C5A52B05FDDB0018DEB0 /* PetInfoViewModel.swift */; };
		6655F2DD2B0B3C1800C09D9E /* PetInfo.swift in Sources */ = {isa = PBXBuildFile; fileRef = 6655F2DC2B0B3C1800C09D9E /* PetInfo.swift */; };
		6655F2E12B0B4A6600C09D9E /* DatePicker_WheelView.swift in Sources */ = {isa = PBXBuildFile; fileRef = 6655F2E02B0B4A6600C09D9E /* DatePicker_WheelView.swift */; };
		668A79142B3B003D00FE2C1C /* RepeatListView.swift in Sources */ = {isa = PBXBuildFile; fileRef = 668A79132B3B003D00FE2C1C /* RepeatListView.swift */; };
		66AB166E2B07580B00578A9E /* UIApp + keyboard.swift in Sources */ = {isa = PBXBuildFile; fileRef = 66AB166D2B07580B00578A9E /* UIApp + keyboard.swift */; };
		66B1EFB12B2B43EC002B733C /* AnniversaryAddViewModel.swift in Sources */ = {isa = PBXBuildFile; fileRef = 66B1EFB02B2B43EC002B733C /* AnniversaryAddViewModel.swift */; };
		66BB25AA2B1877FB008AACE6 /* ImagePicker.swift in Sources */ = {isa = PBXBuildFile; fileRef = 66BB25A92B1877FB008AACE6 /* ImagePicker.swift */; };
		66D041F52B03518A00E2A6AF /* NotiPetApp.swift in Sources */ = {isa = PBXBuildFile; fileRef = 66D041F42B03518A00E2A6AF /* NotiPetApp.swift */; };
		66D041F72B03518A00E2A6AF /* ContentView.swift in Sources */ = {isa = PBXBuildFile; fileRef = 66D041F62B03518A00E2A6AF /* ContentView.swift */; };
		66D041F92B03518D00E2A6AF /* Assets.xcassets in Resources */ = {isa = PBXBuildFile; fileRef = 66D041F82B03518D00E2A6AF /* Assets.xcassets */; };
		66D041FC2B03518D00E2A6AF /* Preview Assets.xcassets in Resources */ = {isa = PBXBuildFile; fileRef = 66D041FB2B03518D00E2A6AF /* Preview Assets.xcassets */; };
		66D1A9312B3417C500B95710 /* NotificationHandler.swift in Sources */ = {isa = PBXBuildFile; fileRef = 66D1A9302B3417C500B95710 /* NotificationHandler.swift */; };
		66E482362B0A3B22007065B2 /* Realm in Frameworks */ = {isa = PBXBuildFile; productRef = 66E482352B0A3B22007065B2 /* Realm */; };
		66E482382B0A3B22007065B2 /* RealmSwift in Frameworks */ = {isa = PBXBuildFile; productRef = 66E482372B0A3B22007065B2 /* RealmSwift */; };
		66E5B7142B1DB6C000AAAD8B /* PracView.swift in Sources */ = {isa = PBXBuildFile; fileRef = 66E5B7132B1DB6C000AAAD8B /* PracView.swift */; };
		66E5B7162B1E160800AAAD8B /* MyPageViewModel.swift in Sources */ = {isa = PBXBuildFile; fileRef = 66E5B7152B1E160800AAAD8B /* MyPageViewModel.swift */; };
		66E5B7182B1EFB0800AAAD8B /* String + dayConvertDate.swift in Sources */ = {isa = PBXBuildFile; fileRef = 66E5B7172B1EFB0800AAAD8B /* String + dayConvertDate.swift */; };
		66EC0FB62B3BFF16007994F7 /* RepeatType.swift in Sources */ = {isa = PBXBuildFile; fileRef = 66EC0FB52B3BFF16007994F7 /* RepeatType.swift */; };
		66EC0FB82B3D5AC7007994F7 /* DaysButtonView.swift in Sources */ = {isa = PBXBuildFile; fileRef = 66EC0FB72B3D5AC7007994F7 /* DaysButtonView.swift */; };
		66EC0FBA2B3D5F70007994F7 /* Days.swift in Sources */ = {isa = PBXBuildFile; fileRef = 66EC0FB92B3D5F70007994F7 /* Days.swift */; };
/* End PBXBuildFile section */

/* Begin PBXFileReference section */
		660046472B4C533C00F70EC3 /* Date + dateToTime.swift */ = {isa = PBXFileReference; lastKnownFileType = sourcecode.swift; path = "Date + dateToTime.swift"; sourceTree = "<group>"; };
		6609F3212B1F589C0033C063 /* AnniversaryAddView.swift */ = {isa = PBXFileReference; lastKnownFileType = sourcecode.swift; path = AnniversaryAddView.swift; sourceTree = "<group>"; };
		660B75822B14797E00161AF0 /* Date + convert.swift */ = {isa = PBXFileReference; lastKnownFileType = sourcecode.swift; path = "Date + convert.swift"; sourceTree = "<group>"; };
		66231F092B36CC570032B209 /* NotiAddView.swift */ = {isa = PBXFileReference; lastKnownFileType = sourcecode.swift; path = NotiAddView.swift; sourceTree = "<group>"; };
		66231F0B2B36CD750032B209 /* NotiAddViewModel.swift */ = {isa = PBXFileReference; lastKnownFileType = sourcecode.swift; path = NotiAddViewModel.swift; sourceTree = "<group>"; };
		66231F0D2B39C9570032B209 /* InputTextFieldView.swift */ = {isa = PBXFileReference; lastKnownFileType = sourcecode.swift; path = InputTextFieldView.swift; sourceTree = "<group>"; };
		66231F0F2B39E5930032B209 /* DatePicker_Graphical2.swift */ = {isa = PBXFileReference; lastKnownFileType = sourcecode.swift; path = DatePicker_Graphical2.swift; sourceTree = "<group>"; };
		6628799E2B43E7590093DD13 /* NotiViewModel.swift */ = {isa = PBXFileReference; lastKnownFileType = sourcecode.swift; path = NotiViewModel.swift; sourceTree = "<group>"; };
		662879A02B43EEDD0093DD13 /* NotiListView.swift */ = {isa = PBXFileReference; lastKnownFileType = sourcecode.swift; path = NotiListView.swift; sourceTree = "<group>"; };
		662879A22B43EEEA0093DD13 /* NoDataView.swift */ = {isa = PBXFileReference; lastKnownFileType = sourcecode.swift; path = NoDataView.swift; sourceTree = "<group>"; };
		662BBBD72B230ADE000A0F53 /* DatePicker_Graphical.swift */ = {isa = PBXFileReference; lastKnownFileType = sourcecode.swift; path = DatePicker_Graphical.swift; sourceTree = "<group>"; };
		662CC8332B035A3F00059D90 /* OnboardingTabView.swift */ = {isa = PBXFileReference; lastKnownFileType = sourcecode.swift; path = OnboardingTabView.swift; sourceTree = "<group>"; };
		662CC8352B035B5B00059D90 /* MainView.swift */ = {isa = PBXFileReference; lastKnownFileType = sourcecode.swift; path = MainView.swift; sourceTree = "<group>"; };
		662CC8382B03632B00059D90 /* OnboardingFirstView.swift */ = {isa = PBXFileReference; lastKnownFileType = sourcecode.swift; path = OnboardingFirstView.swift; sourceTree = "<group>"; };
		662CC83A2B03634200059D90 /* OnboardingSecondView.swift */ = {isa = PBXFileReference; lastKnownFileType = sourcecode.swift; path = OnboardingSecondView.swift; sourceTree = "<group>"; };
		662CC83C2B03635200059D90 /* OnboardingThirdView.swift */ = {isa = PBXFileReference; lastKnownFileType = sourcecode.swift; path = OnboardingThirdView.swift; sourceTree = "<group>"; };
		662CC83E2B03BE5100059D90 /* PetInfoView.swift */ = {isa = PBXFileReference; lastKnownFileType = sourcecode.swift; path = PetInfoView.swift; sourceTree = "<group>"; };
		662CC8402B049F0C00059D90 /* HomeView.swift */ = {isa = PBXFileReference; lastKnownFileType = sourcecode.swift; path = HomeView.swift; sourceTree = "<group>"; };
		662CC8422B049F2900059D90 /* NotiView.swift */ = {isa = PBXFileReference; lastKnownFileType = sourcecode.swift; path = NotiView.swift; sourceTree = "<group>"; };
		662CC8442B049F3A00059D90 /* MyPageView.swift */ = {isa = PBXFileReference; lastKnownFileType = sourcecode.swift; path = MyPageView.swift; sourceTree = "<group>"; };
		6633C5A52B05FDDB0018DEB0 /* PetInfoViewModel.swift */ = {isa = PBXFileReference; lastKnownFileType = sourcecode.swift; path = PetInfoViewModel.swift; sourceTree = "<group>"; };
		6655F2DC2B0B3C1800C09D9E /* PetInfo.swift */ = {isa = PBXFileReference; lastKnownFileType = sourcecode.swift; path = PetInfo.swift; sourceTree = "<group>"; };
		6655F2E02B0B4A6600C09D9E /* DatePicker_WheelView.swift */ = {isa = PBXFileReference; lastKnownFileType = sourcecode.swift; path = DatePicker_WheelView.swift; sourceTree = "<group>"; };
		668A79132B3B003D00FE2C1C /* RepeatListView.swift */ = {isa = PBXFileReference; lastKnownFileType = sourcecode.swift; path = RepeatListView.swift; sourceTree = "<group>"; };
		66AB166D2B07580B00578A9E /* UIApp + keyboard.swift */ = {isa = PBXFileReference; lastKnownFileType = sourcecode.swift; path = "UIApp + keyboard.swift"; sourceTree = "<group>"; };
		66B1EFB02B2B43EC002B733C /* AnniversaryAddViewModel.swift */ = {isa = PBXFileReference; lastKnownFileType = sourcecode.swift; path = AnniversaryAddViewModel.swift; sourceTree = "<group>"; };
		66BB25A92B1877FB008AACE6 /* ImagePicker.swift */ = {isa = PBXFileReference; lastKnownFileType = sourcecode.swift; path = ImagePicker.swift; sourceTree = "<group>"; };
		66D041F12B03518A00E2A6AF /* NotiPet.app */ = {isa = PBXFileReference; explicitFileType = wrapper.application; includeInIndex = 0; path = NotiPet.app; sourceTree = BUILT_PRODUCTS_DIR; };
		66D041F42B03518A00E2A6AF /* NotiPetApp.swift */ = {isa = PBXFileReference; lastKnownFileType = sourcecode.swift; path = NotiPetApp.swift; sourceTree = "<group>"; };
		66D041F62B03518A00E2A6AF /* ContentView.swift */ = {isa = PBXFileReference; lastKnownFileType = sourcecode.swift; path = ContentView.swift; sourceTree = "<group>"; };
		66D041F82B03518D00E2A6AF /* Assets.xcassets */ = {isa = PBXFileReference; lastKnownFileType = folder.assetcatalog; path = Assets.xcassets; sourceTree = "<group>"; };
		66D041FB2B03518D00E2A6AF /* Preview Assets.xcassets */ = {isa = PBXFileReference; lastKnownFileType = folder.assetcatalog; path = "Preview Assets.xcassets"; sourceTree = "<group>"; };
		66D1A9302B3417C500B95710 /* NotificationHandler.swift */ = {isa = PBXFileReference; lastKnownFileType = sourcecode.swift; path = NotificationHandler.swift; sourceTree = "<group>"; };
		66E5B7132B1DB6C000AAAD8B /* PracView.swift */ = {isa = PBXFileReference; lastKnownFileType = sourcecode.swift; path = PracView.swift; sourceTree = "<group>"; };
		66E5B7152B1E160800AAAD8B /* MyPageViewModel.swift */ = {isa = PBXFileReference; lastKnownFileType = sourcecode.swift; path = MyPageViewModel.swift; sourceTree = "<group>"; };
		66E5B7172B1EFB0800AAAD8B /* String + dayConvertDate.swift */ = {isa = PBXFileReference; lastKnownFileType = sourcecode.swift; path = "String + dayConvertDate.swift"; sourceTree = "<group>"; };
		66EC0FB52B3BFF16007994F7 /* RepeatType.swift */ = {isa = PBXFileReference; lastKnownFileType = sourcecode.swift; path = RepeatType.swift; sourceTree = "<group>"; };
		66EC0FB72B3D5AC7007994F7 /* DaysButtonView.swift */ = {isa = PBXFileReference; lastKnownFileType = sourcecode.swift; path = DaysButtonView.swift; sourceTree = "<group>"; };
		66EC0FB92B3D5F70007994F7 /* Days.swift */ = {isa = PBXFileReference; lastKnownFileType = sourcecode.swift; path = Days.swift; sourceTree = "<group>"; };
/* End PBXFileReference section */

/* Begin PBXFrameworksBuildPhase section */
		66D041EE2B03518A00E2A6AF /* Frameworks */ = {
			isa = PBXFrameworksBuildPhase;
			buildActionMask = 2147483647;
			files = (
				66E482382B0A3B22007065B2 /* RealmSwift in Frameworks */,
				66E482362B0A3B22007065B2 /* Realm in Frameworks */,
			);
			runOnlyForDeploymentPostprocessing = 0;
		};
/* End PBXFrameworksBuildPhase section */

/* Begin PBXGroup section */
		662CC8372B0362FF00059D90 /* OnboardingViews */ = {
			isa = PBXGroup;
			children = (
				662CC8332B035A3F00059D90 /* OnboardingTabView.swift */,
				662CC8382B03632B00059D90 /* OnboardingFirstView.swift */,
				662CC83A2B03634200059D90 /* OnboardingSecondView.swift */,
				662CC83C2B03635200059D90 /* OnboardingThirdView.swift */,
			);
			path = OnboardingViews;
			sourceTree = "<group>";
		};
		6633C5A22B05FD730018DEB0 /* View */ = {
			isa = PBXGroup;
			children = (
				662CC8372B0362FF00059D90 /* OnboardingViews */,
				662CC8402B049F0C00059D90 /* HomeView.swift */,
				662CC8422B049F2900059D90 /* NotiView.swift */,
				66231F092B36CC570032B209 /* NotiAddView.swift */,
				662CC83E2B03BE5100059D90 /* PetInfoView.swift */,
				662CC8442B049F3A00059D90 /* MyPageView.swift */,
				6609F3212B1F589C0033C063 /* AnniversaryAddView.swift */,
				6633C5AB2B06401A0018DEB0 /* Custom */,
			);
			path = View;
			sourceTree = "<group>";
		};
		6633C5A32B05FDA40018DEB0 /* Model */ = {
			isa = PBXGroup;
			children = (
				6655F2DC2B0B3C1800C09D9E /* PetInfo.swift */,
			);
			path = Model;
			sourceTree = "<group>";
		};
		6633C5A42B05FDB10018DEB0 /* ViewModel */ = {
			isa = PBXGroup;
			children = (
				6633C5A52B05FDDB0018DEB0 /* PetInfoViewModel.swift */,
				66E5B7152B1E160800AAAD8B /* MyPageViewModel.swift */,
				66B1EFB02B2B43EC002B733C /* AnniversaryAddViewModel.swift */,
				66231F0B2B36CD750032B209 /* NotiAddViewModel.swift */,
				6628799E2B43E7590093DD13 /* NotiViewModel.swift */,
			);
			path = ViewModel;
			sourceTree = "<group>";
		};
		6633C5AB2B06401A0018DEB0 /* Custom */ = {
			isa = PBXGroup;
			children = (
				6655F2E02B0B4A6600C09D9E /* DatePicker_WheelView.swift */,
				662BBBD72B230ADE000A0F53 /* DatePicker_Graphical.swift */,
				66231F0F2B39E5930032B209 /* DatePicker_Graphical2.swift */,
				66BB25A92B1877FB008AACE6 /* ImagePicker.swift */,
				66231F0D2B39C9570032B209 /* InputTextFieldView.swift */,
				668A79132B3B003D00FE2C1C /* RepeatListView.swift */,
				66EC0FB72B3D5AC7007994F7 /* DaysButtonView.swift */,
				662879A02B43EEDD0093DD13 /* NotiListView.swift */,
				662879A22B43EEEA0093DD13 /* NoDataView.swift */,
			);
			path = Custom;
			sourceTree = "<group>";
		};
		66AB166C2B0757F300578A9E /* Extention */ = {
			isa = PBXGroup;
			children = (
				66AB166D2B07580B00578A9E /* UIApp + keyboard.swift */,
				660B75822B14797E00161AF0 /* Date + convert.swift */,
				66E5B7172B1EFB0800AAAD8B /* String + dayConvertDate.swift */,
				660046472B4C533C00F70EC3 /* Date + dateToTime.swift */,
			);
			path = Extention;
			sourceTree = "<group>";
		};
		66D041E82B03518A00E2A6AF = {
			isa = PBXGroup;
			children = (
				66D041F32B03518A00E2A6AF /* NotiPet */,
				66D041F22B03518A00E2A6AF /* Products */,
			);
			sourceTree = "<group>";
		};
		66D041F22B03518A00E2A6AF /* Products */ = {
			isa = PBXGroup;
			children = (
				66D041F12B03518A00E2A6AF /* NotiPet.app */,
			);
			name = Products;
			sourceTree = "<group>";
		};
		66D041F32B03518A00E2A6AF /* NotiPet */ = {
			isa = PBXGroup;
			children = (
				66EC0FB42B3BFF03007994F7 /* Enum */,
				66AB166C2B0757F300578A9E /* Extention */,
				66D041F42B03518A00E2A6AF /* NotiPetApp.swift */,
				662CC8352B035B5B00059D90 /* MainView.swift */,
				6633C5A32B05FDA40018DEB0 /* Model */,
				66D1A92F2B34179900B95710 /* Handlers */,
				6633C5A42B05FDB10018DEB0 /* ViewModel */,
				6633C5A22B05FD730018DEB0 /* View */,
				66D041F62B03518A00E2A6AF /* ContentView.swift */,
				66E5B7132B1DB6C000AAAD8B /* PracView.swift */,
				66D041F82B03518D00E2A6AF /* Assets.xcassets */,
				66D041FA2B03518D00E2A6AF /* Preview Content */,
			);
			path = NotiPet;
			sourceTree = "<group>";
		};
		66D041FA2B03518D00E2A6AF /* Preview Content */ = {
			isa = PBXGroup;
			children = (
				66D041FB2B03518D00E2A6AF /* Preview Assets.xcassets */,
			);
			path = "Preview Content";
			sourceTree = "<group>";
		};
		66D1A92F2B34179900B95710 /* Handlers */ = {
			isa = PBXGroup;
			children = (
				66D1A9302B3417C500B95710 /* NotificationHandler.swift */,
			);
			path = Handlers;
			sourceTree = "<group>";
		};
		66EC0FB42B3BFF03007994F7 /* Enum */ = {
			isa = PBXGroup;
			children = (
				66EC0FB52B3BFF16007994F7 /* RepeatType.swift */,
				66EC0FB92B3D5F70007994F7 /* Days.swift */,
			);
			path = Enum;
			sourceTree = "<group>";
		};
/* End PBXGroup section */

/* Begin PBXNativeTarget section */
		66D041F02B03518A00E2A6AF /* NotiPet */ = {
			isa = PBXNativeTarget;
			buildConfigurationList = 66D042042B03518D00E2A6AF /* Build configuration list for PBXNativeTarget "NotiPet" */;
			buildPhases = (
				66D041ED2B03518A00E2A6AF /* Sources */,
				66D041EE2B03518A00E2A6AF /* Frameworks */,
				66D041EF2B03518A00E2A6AF /* Resources */,
			);
			buildRules = (
			);
			dependencies = (
			);
			name = NotiPet;
			packageProductDependencies = (
				66E482352B0A3B22007065B2 /* Realm */,
				66E482372B0A3B22007065B2 /* RealmSwift */,
			);
			productName = NotiPet;
			productReference = 66D041F12B03518A00E2A6AF /* NotiPet.app */;
			productType = "com.apple.product-type.application";
		};
/* End PBXNativeTarget section */

/* Begin PBXProject section */
		66D041E92B03518A00E2A6AF /* Project object */ = {
			isa = PBXProject;
			attributes = {
				BuildIndependentTargetsInParallel = 1;
				LastSwiftUpdateCheck = 1500;
				LastUpgradeCheck = 1500;
				TargetAttributes = {
					66D041F02B03518A00E2A6AF = {
						CreatedOnToolsVersion = 15.0.1;
					};
				};
			};
			buildConfigurationList = 66D041EC2B03518A00E2A6AF /* Build configuration list for PBXProject "NotiPet" */;
			compatibilityVersion = "Xcode 14.0";
			developmentRegion = en;
			hasScannedForEncodings = 0;
			knownRegions = (
				en,
				Base,
			);
			mainGroup = 66D041E82B03518A00E2A6AF;
			packageReferences = (
				66E482342B0A3B22007065B2 /* XCRemoteSwiftPackageReference "realm-cocoa" */,
			);
			productRefGroup = 66D041F22B03518A00E2A6AF /* Products */;
			projectDirPath = "";
			projectRoot = "";
			targets = (
				66D041F02B03518A00E2A6AF /* NotiPet */,
			);
		};
/* End PBXProject section */

/* Begin PBXResourcesBuildPhase section */
		66D041EF2B03518A00E2A6AF /* Resources */ = {
			isa = PBXResourcesBuildPhase;
			buildActionMask = 2147483647;
			files = (
				66D041FC2B03518D00E2A6AF /* Preview Assets.xcassets in Resources */,
				66D041F92B03518D00E2A6AF /* Assets.xcassets in Resources */,
			);
			runOnlyForDeploymentPostprocessing = 0;
		};
/* End PBXResourcesBuildPhase section */

/* Begin PBXSourcesBuildPhase section */
		66D041ED2B03518A00E2A6AF /* Sources */ = {
			isa = PBXSourcesBuildPhase;
			buildActionMask = 2147483647;
			files = (
				66231F0C2B36CD750032B209 /* NotiAddViewModel.swift in Sources */,
				660B75832B14797E00161AF0 /* Date + convert.swift in Sources */,
				66EC0FB82B3D5AC7007994F7 /* DaysButtonView.swift in Sources */,
				66231F102B39E5930032B209 /* DatePicker_Graphical2.swift in Sources */,
				66D1A9312B3417C500B95710 /* NotificationHandler.swift in Sources */,
				668A79142B3B003D00FE2C1C /* RepeatListView.swift in Sources */,
				662CC83F2B03BE5100059D90 /* PetInfoView.swift in Sources */,
				6655F2E12B0B4A6600C09D9E /* DatePicker_WheelView.swift in Sources */,
				662BBBD82B230ADE000A0F53 /* DatePicker_Graphical.swift in Sources */,
				66BB25AA2B1877FB008AACE6 /* ImagePicker.swift in Sources */,
				662879A32B43EEEA0093DD13 /* NoDataView.swift in Sources */,
				662879A12B43EEDD0093DD13 /* NotiListView.swift in Sources */,
				662CC8452B049F3A00059D90 /* MyPageView.swift in Sources */,
				66EC0FB62B3BFF16007994F7 /* RepeatType.swift in Sources */,
				662CC8432B049F2900059D90 /* NotiView.swift in Sources */,
				662CC8362B035B5B00059D90 /* MainView.swift in Sources */,
				66E5B7162B1E160800AAAD8B /* MyPageViewModel.swift in Sources */,
				662CC8392B03632B00059D90 /* OnboardingFirstView.swift in Sources */,
				66D041F72B03518A00E2A6AF /* ContentView.swift in Sources */,
				66231F0A2B36CC570032B209 /* NotiAddView.swift in Sources */,
				662CC8412B049F0C00059D90 /* HomeView.swift in Sources */,
				66E5B7182B1EFB0800AAAD8B /* String + dayConvertDate.swift in Sources */,
				66D041F52B03518A00E2A6AF /* NotiPetApp.swift in Sources */,
				6628799F2B43E7590093DD13 /* NotiViewModel.swift in Sources */,
				66231F0E2B39C9570032B209 /* InputTextFieldView.swift in Sources */,
				66EC0FBA2B3D5F70007994F7 /* Days.swift in Sources */,
				662CC83D2B03635200059D90 /* OnboardingThirdView.swift in Sources */,
				66B1EFB12B2B43EC002B733C /* AnniversaryAddViewModel.swift in Sources */,
				662CC8342B035A4000059D90 /* OnboardingTabView.swift in Sources */,
				6655F2DD2B0B3C1800C09D9E /* PetInfo.swift in Sources */,
				66AB166E2B07580B00578A9E /* UIApp + keyboard.swift in Sources */,
				66E5B7142B1DB6C000AAAD8B /* PracView.swift in Sources */,
				6609F3222B1F589C0033C063 /* AnniversaryAddView.swift in Sources */,
				6633C5A62B05FDDB0018DEB0 /* PetInfoViewModel.swift in Sources */,
				662CC83B2B03634200059D90 /* OnboardingSecondView.swift in Sources */,
				660046482B4C533C00F70EC3 /* Date + dateToTime.swift in Sources */,
			);
			runOnlyForDeploymentPostprocessing = 0;
		};
/* End PBXSourcesBuildPhase section */

/* Begin XCBuildConfiguration section */
		66D042022B03518D00E2A6AF /* Debug */ = {
			isa = XCBuildConfiguration;
			buildSettings = {
				ALWAYS_SEARCH_USER_PATHS = NO;
				ASSETCATALOG_COMPILER_GENERATE_SWIFT_ASSET_SYMBOL_EXTENSIONS = YES;
				CLANG_ANALYZER_NONNULL = YES;
				CLANG_ANALYZER_NUMBER_OBJECT_CONVERSION = YES_AGGRESSIVE;
				CLANG_CXX_LANGUAGE_STANDARD = "gnu++20";
				CLANG_ENABLE_MODULES = YES;
				CLANG_ENABLE_OBJC_ARC = YES;
				CLANG_ENABLE_OBJC_WEAK = YES;
				CLANG_WARN_BLOCK_CAPTURE_AUTORELEASING = YES;
				CLANG_WARN_BOOL_CONVERSION = YES;
				CLANG_WARN_COMMA = YES;
				CLANG_WARN_CONSTANT_CONVERSION = YES;
				CLANG_WARN_DEPRECATED_OBJC_IMPLEMENTATIONS = YES;
				CLANG_WARN_DIRECT_OBJC_ISA_USAGE = YES_ERROR;
				CLANG_WARN_DOCUMENTATION_COMMENTS = YES;
				CLANG_WARN_EMPTY_BODY = YES;
				CLANG_WARN_ENUM_CONVERSION = YES;
				CLANG_WARN_INFINITE_RECURSION = YES;
				CLANG_WARN_INT_CONVERSION = YES;
				CLANG_WARN_NON_LITERAL_NULL_CONVERSION = YES;
				CLANG_WARN_OBJC_IMPLICIT_RETAIN_SELF = YES;
				CLANG_WARN_OBJC_LITERAL_CONVERSION = YES;
				CLANG_WARN_OBJC_ROOT_CLASS = YES_ERROR;
				CLANG_WARN_QUOTED_INCLUDE_IN_FRAMEWORK_HEADER = YES;
				CLANG_WARN_RANGE_LOOP_ANALYSIS = YES;
				CLANG_WARN_STRICT_PROTOTYPES = YES;
				CLANG_WARN_SUSPICIOUS_MOVE = YES;
				CLANG_WARN_UNGUARDED_AVAILABILITY = YES_AGGRESSIVE;
				CLANG_WARN_UNREACHABLE_CODE = YES;
				CLANG_WARN__DUPLICATE_METHOD_MATCH = YES;
				COPY_PHASE_STRIP = NO;
				DEBUG_INFORMATION_FORMAT = dwarf;
				ENABLE_STRICT_OBJC_MSGSEND = YES;
				ENABLE_TESTABILITY = YES;
				ENABLE_USER_SCRIPT_SANDBOXING = YES;
				GCC_C_LANGUAGE_STANDARD = gnu17;
				GCC_DYNAMIC_NO_PIC = NO;
				GCC_NO_COMMON_BLOCKS = YES;
				GCC_OPTIMIZATION_LEVEL = 0;
				GCC_PREPROCESSOR_DEFINITIONS = (
					"DEBUG=1",
					"$(inherited)",
				);
				GCC_WARN_64_TO_32_BIT_CONVERSION = YES;
				GCC_WARN_ABOUT_RETURN_TYPE = YES_ERROR;
				GCC_WARN_UNDECLARED_SELECTOR = YES;
				GCC_WARN_UNINITIALIZED_AUTOS = YES_AGGRESSIVE;
				GCC_WARN_UNUSED_FUNCTION = YES;
				GCC_WARN_UNUSED_VARIABLE = YES;
				IPHONEOS_DEPLOYMENT_TARGET = 17.0;
				LOCALIZATION_PREFERS_STRING_CATALOGS = YES;
				MTL_ENABLE_DEBUG_INFO = INCLUDE_SOURCE;
				MTL_FAST_MATH = YES;
				ONLY_ACTIVE_ARCH = YES;
				SDKROOT = iphoneos;
				SWIFT_ACTIVE_COMPILATION_CONDITIONS = "DEBUG $(inherited)";
				SWIFT_OPTIMIZATION_LEVEL = "-Onone";
			};
			name = Debug;
		};
		66D042032B03518D00E2A6AF /* Release */ = {
			isa = XCBuildConfiguration;
			buildSettings = {
				ALWAYS_SEARCH_USER_PATHS = NO;
				ASSETCATALOG_COMPILER_GENERATE_SWIFT_ASSET_SYMBOL_EXTENSIONS = YES;
				CLANG_ANALYZER_NONNULL = YES;
				CLANG_ANALYZER_NUMBER_OBJECT_CONVERSION = YES_AGGRESSIVE;
				CLANG_CXX_LANGUAGE_STANDARD = "gnu++20";
				CLANG_ENABLE_MODULES = YES;
				CLANG_ENABLE_OBJC_ARC = YES;
				CLANG_ENABLE_OBJC_WEAK = YES;
				CLANG_WARN_BLOCK_CAPTURE_AUTORELEASING = YES;
				CLANG_WARN_BOOL_CONVERSION = YES;
				CLANG_WARN_COMMA = YES;
				CLANG_WARN_CONSTANT_CONVERSION = YES;
				CLANG_WARN_DEPRECATED_OBJC_IMPLEMENTATIONS = YES;
				CLANG_WARN_DIRECT_OBJC_ISA_USAGE = YES_ERROR;
				CLANG_WARN_DOCUMENTATION_COMMENTS = YES;
				CLANG_WARN_EMPTY_BODY = YES;
				CLANG_WARN_ENUM_CONVERSION = YES;
				CLANG_WARN_INFINITE_RECURSION = YES;
				CLANG_WARN_INT_CONVERSION = YES;
				CLANG_WARN_NON_LITERAL_NULL_CONVERSION = YES;
				CLANG_WARN_OBJC_IMPLICIT_RETAIN_SELF = YES;
				CLANG_WARN_OBJC_LITERAL_CONVERSION = YES;
				CLANG_WARN_OBJC_ROOT_CLASS = YES_ERROR;
				CLANG_WARN_QUOTED_INCLUDE_IN_FRAMEWORK_HEADER = YES;
				CLANG_WARN_RANGE_LOOP_ANALYSIS = YES;
				CLANG_WARN_STRICT_PROTOTYPES = YES;
				CLANG_WARN_SUSPICIOUS_MOVE = YES;
				CLANG_WARN_UNGUARDED_AVAILABILITY = YES_AGGRESSIVE;
				CLANG_WARN_UNREACHABLE_CODE = YES;
				CLANG_WARN__DUPLICATE_METHOD_MATCH = YES;
				COPY_PHASE_STRIP = NO;
				DEBUG_INFORMATION_FORMAT = "dwarf-with-dsym";
				ENABLE_NS_ASSERTIONS = NO;
				ENABLE_STRICT_OBJC_MSGSEND = YES;
				ENABLE_USER_SCRIPT_SANDBOXING = YES;
				GCC_C_LANGUAGE_STANDARD = gnu17;
				GCC_NO_COMMON_BLOCKS = YES;
				GCC_WARN_64_TO_32_BIT_CONVERSION = YES;
				GCC_WARN_ABOUT_RETURN_TYPE = YES_ERROR;
				GCC_WARN_UNDECLARED_SELECTOR = YES;
				GCC_WARN_UNINITIALIZED_AUTOS = YES_AGGRESSIVE;
				GCC_WARN_UNUSED_FUNCTION = YES;
				GCC_WARN_UNUSED_VARIABLE = YES;
				IPHONEOS_DEPLOYMENT_TARGET = 17.0;
				LOCALIZATION_PREFERS_STRING_CATALOGS = YES;
				MTL_ENABLE_DEBUG_INFO = NO;
				MTL_FAST_MATH = YES;
				SDKROOT = iphoneos;
				SWIFT_COMPILATION_MODE = wholemodule;
				VALIDATE_PRODUCT = YES;
			};
			name = Release;
		};
		66D042052B03518D00E2A6AF /* Debug */ = {
			isa = XCBuildConfiguration;
			buildSettings = {
				ASSETCATALOG_COMPILER_APPICON_NAME = AppIcon;
				ASSETCATALOG_COMPILER_GLOBAL_ACCENT_COLOR_NAME = AccentColor;
				CODE_SIGN_STYLE = Automatic;
				CURRENT_PROJECT_VERSION = 1;
				DEVELOPMENT_ASSET_PATHS = "\"NotiPet/Preview Content\"";
				DEVELOPMENT_TEAM = VMAWA3XBC6;
				ENABLE_PREVIEWS = YES;
				GENERATE_INFOPLIST_FILE = YES;
				INFOPLIST_KEY_NSPhotoLibraryUsageDescription = "사진에 접근하기 위해 권한을 허용해주세요";
				INFOPLIST_KEY_UIApplicationSceneManifest_Generation = YES;
				INFOPLIST_KEY_UIApplicationSupportsIndirectInputEvents = YES;
				INFOPLIST_KEY_UILaunchScreen_Generation = YES;
				INFOPLIST_KEY_UISupportedInterfaceOrientations = UIInterfaceOrientationPortrait;
				INFOPLIST_KEY_UISupportedInterfaceOrientations_iPad = "UIInterfaceOrientationLandscapeLeft UIInterfaceOrientationLandscapeRight UIInterfaceOrientationPortrait UIInterfaceOrientationPortraitUpsideDown";
				LD_RUNPATH_SEARCH_PATHS = (
					"$(inherited)",
					"@executable_path/Frameworks",
				);
				MARKETING_VERSION = 1.0;
				PRODUCT_BUNDLE_IDENTIFIER = com.geunho.NotiPet;
				PRODUCT_NAME = "$(TARGET_NAME)";
				SWIFT_EMIT_LOC_STRINGS = YES;
				SWIFT_VERSION = 5.0;
				TARGETED_DEVICE_FAMILY = "1,2";
			};
			name = Debug;
		};
		66D042062B03518D00E2A6AF /* Release */ = {
			isa = XCBuildConfiguration;
			buildSettings = {
				ASSETCATALOG_COMPILER_APPICON_NAME = AppIcon;
				ASSETCATALOG_COMPILER_GLOBAL_ACCENT_COLOR_NAME = AccentColor;
				CODE_SIGN_STYLE = Automatic;
				CURRENT_PROJECT_VERSION = 1;
				DEVELOPMENT_ASSET_PATHS = "\"NotiPet/Preview Content\"";
				DEVELOPMENT_TEAM = VMAWA3XBC6;
				ENABLE_PREVIEWS = YES;
				GENERATE_INFOPLIST_FILE = YES;
				INFOPLIST_KEY_NSPhotoLibraryUsageDescription = "사진에 접근하기 위해 권한을 허용해주세요";
				INFOPLIST_KEY_UIApplicationSceneManifest_Generation = YES;
				INFOPLIST_KEY_UIApplicationSupportsIndirectInputEvents = YES;
				INFOPLIST_KEY_UILaunchScreen_Generation = YES;
				INFOPLIST_KEY_UISupportedInterfaceOrientations = UIInterfaceOrientationPortrait;
				INFOPLIST_KEY_UISupportedInterfaceOrientations_iPad = "UIInterfaceOrientationLandscapeLeft UIInterfaceOrientationLandscapeRight UIInterfaceOrientationPortrait UIInterfaceOrientationPortraitUpsideDown";
				LD_RUNPATH_SEARCH_PATHS = (
					"$(inherited)",
					"@executable_path/Frameworks",
				);
				MARKETING_VERSION = 1.0;
				PRODUCT_BUNDLE_IDENTIFIER = com.geunho.NotiPet;
				PRODUCT_NAME = "$(TARGET_NAME)";
				SWIFT_EMIT_LOC_STRINGS = YES;
				SWIFT_VERSION = 5.0;
				TARGETED_DEVICE_FAMILY = "1,2";
			};
			name = Release;
		};
/* End XCBuildConfiguration section */

/* Begin XCConfigurationList section */
		66D041EC2B03518A00E2A6AF /* Build configuration list for PBXProject "NotiPet" */ = {
			isa = XCConfigurationList;
			buildConfigurations = (
				66D042022B03518D00E2A6AF /* Debug */,
				66D042032B03518D00E2A6AF /* Release */,
			);
			defaultConfigurationIsVisible = 0;
			defaultConfigurationName = Release;
		};
		66D042042B03518D00E2A6AF /* Build configuration list for PBXNativeTarget "NotiPet" */ = {
			isa = XCConfigurationList;
			buildConfigurations = (
				66D042052B03518D00E2A6AF /* Debug */,
				66D042062B03518D00E2A6AF /* Release */,
			);
			defaultConfigurationIsVisible = 0;
			defaultConfigurationName = Release;
		};
/* End XCConfigurationList section */

/* Begin XCRemoteSwiftPackageReference section */
		66E482342B0A3B22007065B2 /* XCRemoteSwiftPackageReference "realm-cocoa" */ = {
			isa = XCRemoteSwiftPackageReference;
			repositoryURL = "https://github.com/realm/realm-cocoa.git";
			requirement = {
				branch = master;
				kind = branch;
			};
		};
/* End XCRemoteSwiftPackageReference section */

/* Begin XCSwiftPackageProductDependency section */
		66E482352B0A3B22007065B2 /* Realm */ = {
			isa = XCSwiftPackageProductDependency;
			package = 66E482342B0A3B22007065B2 /* XCRemoteSwiftPackageReference "realm-cocoa" */;
			productName = Realm;
		};
		66E482372B0A3B22007065B2 /* RealmSwift */ = {
			isa = XCSwiftPackageProductDependency;
			package = 66E482342B0A3B22007065B2 /* XCRemoteSwiftPackageReference "realm-cocoa" */;
			productName = RealmSwift;
		};
/* End XCSwiftPackageProductDependency section */
	};
	rootObject = 66D041E92B03518A00E2A6AF /* Project object */;
}
